
Microsoft Visual Studio Solution File, Format Version 12.00
# Visual Studio Version 16
VisualStudioVersion = 16.0.29613.14
MinimumVisualStudioVersion = 10.0.40219.1
Project("{FAE04EC0-301F-11D3-BF4B-00C04F79EFBC}") = "Ctrip.Rider", "Ctrip.Rider\Ctrip.Rider.csproj", "{EC5743F1-ED8A-41A0-B69E-162BB24BF607}"
EndProject
Global
	GlobalSection(SolutionConfigurationPlatforms) = preSolution
		Debug|Any CPU = Debug|Any CPU
		Release|Any CPU = Release|Any CPU
	EndGlobalSection
	GlobalSection(ProjectConfigurationPlatforms) = postSolution
		{EC5743F1-ED8A-41A0-B69E-162BB24BF607}.Debug|Any CPU.ActiveCfg = Debug|Any CPU
		{EC5743F1-ED8A-41A0-B69E-162BB24BF607}.Debug|Any CPU.Build.0 = Debug|Any CPU
		{EC5743F1-ED8A-41A0-B69E-162BB24BF607}.Debug|Any CPU.Deploy.0 = Debug|Any CPU
		{EC5743F1-ED8A-41A0-B69E-162BB24BF607}.Release|Any CPU.ActiveCfg = Release|Any CPU
		{EC5743F1-ED8A-41A0-B69E-162BB24BF607}.Release|Any CPU.Build.0 = Release|Any CPU
		{EC5743F1-ED8A-41A0-B69E-162BB24BF607}.Release|Any CPU.Deploy.0 = Release|Any CPU
	EndGlobalSection
	GlobalSection(SolutionProperties) = preSolution
		HideSolutionNode = FALSE
	EndGlobalSection
	GlobalSection(ExtensibilityGlobals) = postSolution
		SolutionGuid = {7750D348-64EC-41A3-8E2D-0580AA710149}
	EndGlobalSection
EndGlobal
